
Microsoft Visual Studio Solution File, Format Version 12.00
# Visual Studio Version 17
VisualStudioVersion = 17.2.32408.312
MinimumVisualStudioVersion = 10.0.40219.1
Project("{FAE04EC0-301F-11D3-BF4B-00C04F79EFBC}") = "InsideAirbnb", "InsideAirbnb.csproj", "{41830397-6035-444E-AD17-BA8C07778E68}"
EndProject
Global
	GlobalSection(SolutionConfigurationPlatforms) = preSolution
		Debug|Any CPU = Debug|Any CPU
		Release|Any CPU = Release|Any CPU
	EndGlobalSection
	GlobalSection(ProjectConfigurationPlatforms) = postSolution
		{41830397-6035-444E-AD17-BA8C07778E68}.Debug|Any CPU.ActiveCfg = Debug|Any CPU
		{41830397-6035-444E-AD17-BA8C07778E68}.Debug|Any CPU.Build.0 = Debug|Any CPU
		{41830397-6035-444E-AD17-BA8C07778E68}.Release|Any CPU.ActiveCfg = Release|Any CPU
		{41830397-6035-444E-AD17-BA8C07778E68}.Release|Any CPU.Build.0 = Release|Any CPU
	EndGlobalSection
	GlobalSection(SolutionProperties) = preSolution
		HideSolutionNode = FALSE
	EndGlobalSection
	GlobalSection(ExtensibilityGlobals) = postSolution
		SolutionGuid = {ADCE27EE-EE3F-49F1-93C0-6E0205DE5E12}
	EndGlobalSection
EndGlobal
